# This file was autogenerated by Stack.
# You should not edit this file by hand.
# For more information, please see the documentation at:
#   https://docs.haskellstack.org/en/stable/lock_files

packages:
- completed:
    hackage: plugins-1.5.1.3@sha256:6342bfdea10d1d469b6ba5871e66f6a19994738a242a82ae8713e42f674e5b86,2273
    pantry-tree:
      size: 34012
      sha256: 4601a36cd90af86be61d141e9991795cc64e6ba7354f07bb83c30aa80a4dbbc5
  original:
    hackage: plugins-1.5.1.3
snapshots:
- completed:
    size: 533252
    url: https://raw.githubusercontent.com/commercialhaskell/stackage-snapshots/master/lts/16/26.yaml
    sha256: cdbc5db9c1afe80a5998247939027a0c7db92fa0f20b5cd01596ec3da628b622
  original:
    url: https://raw.githubusercontent.com/commercialhaskell/stackage-snapshots/master/lts/16/26.yaml
